
Microsoft Visual Studio Solution File, Format Version 12.00
# Visual Studio Version 17
VisualStudioVersion = 17.13.35806.99 d17.13
MinimumVisualStudioVersion = 10.0.40219.1
Project("{FAE04EC0-301F-11D3-BF4B-00C04F79EFBC}") = "WebsocketProtocal", "WebsocketProtocal\WebsocketProtocal.csproj", "{947092E0-4BFA-4959-8450-467B71EF6D7B}"
EndProject
Global
	GlobalSection(SolutionConfigurationPlatforms) = preSolution
		Debug|Any CPU = Debug|Any CPU
		Release|Any CPU = Release|Any CPU
	EndGlobalSection
	GlobalSection(ProjectConfigurationPlatforms) = postSolution
		{947092E0-4BFA-4959-8450-467B71EF6D7B}.Debug|Any CPU.ActiveCfg = Debug|Any CPU
		{947092E0-4BFA-4959-8450-467B71EF6D7B}.Debug|Any CPU.Build.0 = Debug|Any CPU
		{947092E0-4BFA-4959-8450-467B71EF6D7B}.Release|Any CPU.ActiveCfg = Release|Any CPU
		{947092E0-4BFA-4959-8450-467B71EF6D7B}.Release|Any CPU.Build.0 = Release|Any CPU
	EndGlobalSection
	GlobalSection(SolutionProperties) = preSolution
		HideSolutionNode = FALSE
	EndGlobalSection
	GlobalSection(ExtensibilityGlobals) = postSolution
		SolutionGuid = {FF945361-5907-4DF1-A10F-981477EA0DB4}
	EndGlobalSection
EndGlobal
